<Solution>
  <Folder Name="/Source/">
    <Project Path="Source/TimeWarp.Ganda/TimeWarp.Ganda.csproj" />
    <Project Path="Source/TimeWarp.Amuru/TimeWarp.Amuru.csproj" />
  </Folder>
  <Folder Name="/Tests/">
    <Project Path="Tests/TimeWarp.Amuru.Test.Helpers/TimeWarp.Amuru.Test.Helpers.csproj" />
  </Folder>
</Solution>
